<?xml version="1.0" encoding="utf-8"?>
<Project ToolsVersion="4.0" xmlns="http://schemas.microsoft.com/developer/msbuild/2003">
  <ItemGroup>
    <ClCompile Include="ShaderProgram.cpp">
      <Filter>Source FIles</Filter>
    </ClCompile>
    <ClCompile Include="main.cpp">
      <Filter>Source FIles</Filter>
    </ClCompile>
    <ClCompile Include="Camera.cpp">
      <Filter>Source FIles</Filter>
    </ClCompile>
    <ClCompile Include="LightSource.cpp">
      <Filter>Source FIles</Filter>
    </ClCompile>
    <ClCompile Include="Utils.cpp">
      <Filter>Source FIles</Filter>
    </ClCompile>
    <ClCompile Include="Model.cpp">
      <Filter>Source FIles</Filter>
    </ClCompile>
  </ItemGroup>
  <ItemGroup>
    <ClInclude Include="Camera.h">
      <Filter>Header Files</Filter>
    </ClInclude>
    <ClInclude Include="ShaderProgram.h">
      <Filter>Header Files</Filter>
    </ClInclude>
    <ClInclude Include="Utils.h">
      <Filter>Header Files</Filter>
    </ClInclude>
    <ClInclude Include="LightSource.h">
      <Filter>Header Files</Filter>
    </ClInclude>
    <ClInclude Include="Vertex.h">
      <Filter>Header Files</Filter>
    </ClInclude>
    <ClInclude Include="Model.h">
      <Filter>Header Files</Filter>
    </ClInclude>
  </ItemGroup>
  <ItemGroup>
    <Filter Include="Source FIles">
      <UniqueIdentifier>{0be16c4f-cf97-4d3c-97ce-58878ae0a3f3}</UniqueIdentifier>
    </Filter>
    <Filter Include="Header Files">
      <UniqueIdentifier>{bc8dfe14-0bb8-4394-94fa-8ddde27e28a0}</UniqueIdentifier>
    </Filter>
    <Filter Include="Resources">
      <UniqueIdentifier>{96afeb9f-e4ff-4b9e-870b-f04d78b91b83}</UniqueIdentifier>
    </Filter>
    <Filter Include="Resources\Shaders">
      <UniqueIdentifier>{85bb8a55-676e-4188-8b4c-b30f932c6110}</UniqueIdentifier>
    </Filter>
    <Filter Include="Resources\Models">
      <UniqueIdentifier>{55720c9f-dd41-42f4-8eab-8d059425806b}</UniqueIdentifier>
    </Filter>
  </ItemGroup>
  <ItemGroup>
    <None Include="Shaders\lightingFS.glsl">
      <Filter>Resources\Shaders</Filter>
    </None>
    <None Include="Shaders\lightingVS.glsl">
      <Filter>Resources\Shaders</Filter>
    </None>
    <None Include="Shaders\modelFS.glsl">
      <Filter>Resources\Shaders</Filter>
    </None>
    <None Include="Shaders\modelVS.glsl">
      <Filter>Resources\Shaders</Filter>
    </None>
    <None Include="Shaders\noTransformFS.glsl">
      <Filter>Resources\Shaders</Filter>
    </None>
    <None Include="Shaders\noTransformVS.glsl">
      <Filter>Resources\Shaders</Filter>
    </None>
    <None Include="Models\box_stack.mtl">
      <Filter>Resources\Models</Filter>
    </None>
  </ItemGroup>
  <ItemGroup>
    <Object Include="Models\box_stack.obj">
      <Filter>Resources\Models</Filter>
    </Object>
  </ItemGroup>
  <ItemGroup>
    <Text Include="Models\lightModel.txt">
      <Filter>Resources\Models</Filter>
    </Text>
    <Text Include="Models\model.txt">
      <Filter>Resources\Models</Filter>
    </Text>
  </ItemGroup>
</Project>