<?xml version="1.0" encoding="utf-8"?>
<Project ToolsVersion="4.0" xmlns="http://schemas.microsoft.com/developer/msbuild/2003">
  <ItemGroup>
    <ClCompile Include="ShaderProgram.cpp">
      <Filter>Source FIles</Filter>
    </ClCompile>
    <ClCompile Include="Mesh.cpp">
      <Filter>Source FIles</Filter>
    </ClCompile>
    <ClCompile Include="main.cpp">
      <Filter>Source FIles</Filter>
    </ClCompile>
    <ClCompile Include="Camera.cpp">
      <Filter>Source FIles</Filter>
    </ClCompile>
    <ClCompile Include="LightSource.cpp">
      <Filter>Source FIles</Filter>
    </ClCompile>
    <ClCompile Include="Utils.cpp">
      <Filter>Source FIles</Filter>
    </ClCompile>
  </ItemGroup>
  <ItemGroup>
    <ClInclude Include="Camera.h">
      <Filter>Header Files</Filter>
    </ClInclude>
    <ClInclude Include="Mesh.h">
      <Filter>Header Files</Filter>
    </ClInclude>
    <ClInclude Include="ShaderProgram.h">
      <Filter>Header Files</Filter>
    </ClInclude>
    <ClInclude Include="Utils.h">
      <Filter>Header Files</Filter>
    </ClInclude>
    <ClInclude Include="LightSource.h">
      <Filter>Header Files</Filter>
    </ClInclude>
    <ClInclude Include="Vertex.h">
      <Filter>Header Files</Filter>
    </ClInclude>
  </ItemGroup>
  <ItemGroup>
    <None Include="modelFS.glsl">
      <Filter>Resources\Shaders</Filter>
    </None>
    <None Include="modelVS.glsl">
      <Filter>Resources\Shaders</Filter>
    </None>
    <None Include="lightingVS.glsl">
      <Filter>Resources\Shaders</Filter>
    </None>
    <None Include="lightingFS.glsl">
      <Filter>Resources\Shaders</Filter>
    </None>
    <None Include="noTransformVS.glsl">
      <Filter>Resources\Shaders</Filter>
    </None>
    <None Include="noTransformFS.glsl">
      <Filter>Resources\Shaders</Filter>
    </None>
    <None Include="box_stack.mtl">
      <Filter>Resources\Models</Filter>
    </None>
  </ItemGroup>
  <ItemGroup>
    <Filter Include="Source FIles">
      <UniqueIdentifier>{0be16c4f-cf97-4d3c-97ce-58878ae0a3f3}</UniqueIdentifier>
    </Filter>
    <Filter Include="Header Files">
      <UniqueIdentifier>{bc8dfe14-0bb8-4394-94fa-8ddde27e28a0}</UniqueIdentifier>
    </Filter>
    <Filter Include="Resources">
      <UniqueIdentifier>{96afeb9f-e4ff-4b9e-870b-f04d78b91b83}</UniqueIdentifier>
    </Filter>
    <Filter Include="Resources\Shaders">
      <UniqueIdentifier>{03d048a0-11bf-49ad-8191-8da4f869fc11}</UniqueIdentifier>
    </Filter>
    <Filter Include="Resources\Models">
      <UniqueIdentifier>{57355cff-61d3-40ad-8359-e23e1b891c95}</UniqueIdentifier>
    </Filter>
  </ItemGroup>
  <ItemGroup>
    <Text Include="model.txt">
      <Filter>Resources\Models</Filter>
    </Text>
    <Text Include="lightModel.txt">
      <Filter>Resources\Models</Filter>
    </Text>
    <Text Include="glErrors.txt">
      <Filter>Resources</Filter>
    </Text>
  </ItemGroup>
  <ItemGroup>
    <Object Include="box_stack.obj">
      <Filter>Resources\Models</Filter>
    </Object>
  </ItemGroup>
</Project>